github.com/mikefsq/goalpaca v0.2.0 h1:uTECbuUKDwFT38frtXjTNw84BE26pu+z7d8Hnv2hlMo=
github.com/mikefsq/goalpaca v0.2.0/go.mod h1:K6Ib2gbC+aUgAwU2G95KHsD0EIPdiCqyZIm6RGwBQhw=
github.com/mikefsq/goasi v0.0.0-20260707034228-69c0b28aa172 h1:vSVz0gBaUYa0CZsyniwJ3RA9XYLX1fTo1IaK3ny48U8=
github.com/mikefsq/goasi v0.0.0-20260707034228-69c0b28aa172/go.mod h1:jgdDPCgo05MzPh5jl/nZRgz2d1utuWBTMoEALnQMSoM=
