github.com/mikefsq/goalpaca v0.2.0 h1:uTECbuUKDwFT38frtXjTNw84BE26pu+z7d8Hnv2hlMo=
github.com/mikefsq/goalpaca v0.2.0/go.mod h1:K6Ib2gbC+aUgAwU2G95KHsD0EIPdiCqyZIm6RGwBQhw=
github.com/mikefsq/pegasus-astro v0.0.0-20260610070031-afd43eb66e1d h1:x/56ZdCOmsSGeF02cD3vQe4idIkw+IMxcAkRcs1LoFk=
github.com/mikefsq/pegasus-astro v0.0.0-20260610070031-afd43eb66e1d/go.mod h1:E8S8NyhcFwabgbl+JYkwvmKswCVpl9Z/2vxhBjs+XEU=
go.bug.st/serial v1.7.1 h1:5aP8wYL0UjEYOVs3oPAGscjaSfRQLHtCvBFXNN/rwtc=
go.bug.st/serial v1.7.1/go.mod h1:d0MmS16Qt9b1m06yoYRNUXhRRTJV5Qg2S5EKqQtnayQ=
golang.org/x/sys v0.43.0 h1:Rlag2XtaFTxp19wS8MXlJwTvoh8ArU6ezoyFsMyCTNI=
golang.org/x/sys v0.43.0/go.mod h1:4GL1E5IUh+htKOUEOaiffhrAeqysfVGipDYzABqnCmw=
