dmitri.shuralyov.com/gpu/mtl v0.0.0-20190408044501-666a987793e9/go.mod h1:H6x//7gZCb22OMCxBHrMx7a5I7Hp++hsVxbQ4BYO7hU=
github.com/BurntSushi/xgb v0.0.0-20160522181843-27f122750802/go.mod h1:IVnqGOEym/WlBOVXweHU+Q+/VP0lqqI8lqeDx9IjBqo=
github.com/adrianmo/go-nmea v1.10.0 h1:L1aYaebZ4cXFCoXNSeDeQa0tApvSKvIbqMsK+iaRiCo=
github.com/adrianmo/go-nmea v1.10.0/go.mod h1:u8bPnpKt/D/5rll/5l9f6iDfeq5WZW0+/SXdkwix6Tg=
github.com/astrogo/fitsio v0.2.1 h1:xKmhn4jjr2yliTsZTVQBJG2OKssOl4EoODoEV7Hqf3s=
github.com/astrogo/fitsio v0.2.1/go.mod h1:AMazbBDPn8fcAglKAWIR5+5iDBnBv78pf6UHmTKSCbE=
github.com/davecgh/go-spew v1.1.0/go.mod h1:J7Y8YcW2NihsgmVo/mv3lAwl/skON4iLHjSsI+c5H38=
github.com/davecgh/go-spew v1.1.1 h1:vj9j/u1bqnvCEfJOwUhtlOARqs3+rkHYY13jYWTU97c=
github.com/davecgh/go-spew v1.1.1/go.mod h1:J7Y8YcW2NihsgmVo/mv3lAwl/skON4iLHjSsI+c5H38=
github.com/go-gl/glfw v0.0.0-20190409004039-e6da0acd62b1/go.mod h1:vR7hzQXu2zJy9AVAgeJqvqgH9Q5CA+iKCZ2gyEVpxRU=
github.com/mikefsq/astrocam v0.1.0 h1:hYlZBQFUgf4HFEXMzKza0uetF0ebbwDfVy2cvc91GQw=
github.com/mikefsq/astrocam v0.1.0/go.mod h1:sypVt4nGQJdOES5awMVX06WCTDATStWuzHhpIRSFvmM=
github.com/mikefsq/astromi.ch v0.1.1 h1:9yL5qQW95+CL3iYVmjGC7rZOFDAcLklOd9XR586rXH0=
github.com/mikefsq/astromi.ch v0.1.1/go.mod h1:YBq9nFaxkzWMtjAPKULE++atX33EFdW4dDcOzwHCY9Q=
github.com/mikefsq/goalpaca v0.3.2 h1:X9zrG1JTAKsD3MzDe4GTW1/kgNtpogLOzgMR+4oVPW8=
github.com/mikefsq/goalpaca v0.3.2/go.mod h1:K6Ib2gbC+aUgAwU2G95KHsD0EIPdiCqyZIm6RGwBQhw=
github.com/mikefsq/goasi v0.2.1 h1:5GPZMtAH0uA3lagnJKfMF9q6OIVV2h//7o7Oy3C4Nz0=
github.com/mikefsq/goasi v0.2.1/go.mod h1:EjXuj5X8Bno+HDKFqDUsF6ZQ7H9zB2w7hcjc8UVeOIM=
github.com/mikefsq/goindi v0.1.1 h1:mWW5lWVxLZR1J5rueTqHhaVIXarmLB16jP3WGqGnLqo=
github.com/mikefsq/goindi v0.1.1/go.mod h1:zrjteb1pqjxkEeOHUslFMyBbJvTWSc5MSokANy5ZE0E=
github.com/mikefsq/lx200 v0.2.2 h1:bw37VfPkGsmVqMnpARngVBTnFmJjaIeu0NxQJ41ehag=
github.com/mikefsq/lx200 v0.2.2/go.mod h1:Rag8s80nrhhCQLC3KjjAT/Lx6fahp0+R0abuXm62tKo=
github.com/mikefsq/oasis-astro v0.1.0 h1:y+kXO84OGaEn7F3/GpDvJM0H95fywQnjEJctdOifYh0=
github.com/mikefsq/oasis-astro v0.1.0/go.mod h1:O+T/QVLQitfQdqn5ajAWFTotZHEN18xBkCy/PVdzszU=
github.com/mikefsq/optec v0.1.1 h1:zDtxPg10hfoR2rOpjYbnCTwJu/qbENrj1XR0n9BLny4=
github.com/mikefsq/optec v0.1.1/go.mod h1:ntwr57cUWCCEYxu5bUQkt44RzcYjumqRuLJ6Iv+ooY8=
github.com/mikefsq/pegasus-astro v0.1.0 h1:Ewm7P5wTfJfVYL83qVVX8hWticV3oZ+bnaWNkOmKqck=
github.com/mikefsq/pegasus-astro v0.1.0/go.mod h1:E8S8NyhcFwabgbl+JYkwvmKswCVpl9Z/2vxhBjs+XEU=
github.com/mikefsq/polemaster v0.1.0 h1:Kaf0g2Mw97VDkGKfqzFkXoANkpB7CJ+A+4yNyT4cUc4=
github.com/mikefsq/polemaster v0.1.0/go.mod h1:xkNdfICev2srEvuZ3rpbK4Ti5aUPx8uOWA0fuFeC/6Q=
github.com/mikefsq/ptp v0.1.0 h1:ksheliFu4kuXgph2EKOxgBbPFMF5lBGNJDy9HbLGTZs=
github.com/mikefsq/ptp v0.1.0/go.mod h1:883GNtGyqVtKCfy8mPTFJrBOL8rhNXR4KQ0DlAgSjUg=
github.com/mikefsq/stellarmate v0.1.0 h1:EzYFrIbkEJBxvBEk650XWWE6hbdg1rfhz5Q4+zt+ctE=
github.com/mikefsq/stellarmate v0.1.0/go.mod h1:poMiJ3c6UXsJmHVn3AiFJ3kpMBnldEsNoVROUWH1jCs=
github.com/mikefsq/unihedron v0.1.1 h1:q2U6H38mjvv3N7lQO++b2GRkSfeHP4vBW/njLcXj94Q=
github.com/mikefsq/unihedron v0.1.1/go.mod h1:6UUn+xcszDq4xPTRVJKpE9NGBNev6f27hJjFuWqaUvY=
github.com/nfnt/resize v0.0.0-20180221191011-83c6a9932646/go.mod h1:jpp1/29i3P1S/RLdc7JQKbRpFeM1dOBd8T9ki5s+AY8=
github.com/pmezard/go-difflib v1.0.0 h1:4DBwDE0NGyQoBHbLQYPwSUPoCMWR5BEzIk/f1lZbAQM=
github.com/pmezard/go-difflib v1.0.0/go.mod h1:iKH77koFhYxTK1pcRnkKkqfTogsbg7gZNVY4sRDYZ/4=
github.com/stretchr/objx v0.1.0/go.mod h1:HFkY916IF+rwdDfMAkV7OtwuqBVzrE8GR6GFx+wExME=
github.com/stretchr/testify v1.5.1/go.mod h1:5W2xD1RspED5o8YsWQXVCued0rvSQ+mT+I5cxcmMvtA=
github.com/stretchr/testify v1.7.0 h1:nwc3DEeHmmLAfoZucVR881uASk0Mfjw8xYJ99tb5CcY=
github.com/stretchr/testify v1.7.0/go.mod h1:6Fq8oRcR53rry900zMqJjRRixrwX3KX962/h/Wwjteg=
go.bug.st/serial v1.7.1 h1:5aP8wYL0UjEYOVs3oPAGscjaSfRQLHtCvBFXNN/rwtc=
go.bug.st/serial v1.7.1/go.mod h1:d0MmS16Qt9b1m06yoYRNUXhRRTJV5Qg2S5EKqQtnayQ=
golang.org/x/crypto v0.0.0-20190308221718-c2843e01d9a2/go.mod h1:djNgcEr1/C05ACkg1iLfiJU5Ep61QUkGW8qpdssI0+w=
golang.org/x/crypto v0.0.0-20190510104115-cbcb75029529/go.mod h1:yigFU9vqHzYiE8UmvKecakEJjdnWj3jj499lnFckfCI=
golang.org/x/exp v0.0.0-20190306152737-a1d7652674e8/go.mod h1:CJ0aWSM057203Lf6IL+f9T1iT9GByDxfZKAQTCR3kQA=
golang.org/x/exp v0.0.0-20190731235908-ec7cb31e5a56/go.mod h1:JhuoJpWY28nO4Vef9tZUw9qufEGTyX1+7lmHxV5q5G4=
golang.org/x/exp v0.0.0-20191030013958-a1ab85dbe136/go.mod h1:JXzH8nQsPlswgeRAPE3MuO9GYsAcnJvJ4vnMwN/5qkY=
golang.org/x/image v0.0.0-20190227222117-0694c2d4d067/go.mod h1:kZ7UVZpmo3dzQBMxlp+ypCbDeSB+sBbTgSJuh5dn5js=
golang.org/x/image v0.0.0-20190802002840-cff245a6509b/go.mod h1:FeLwcggjj3mMvU+oOTbSwawSJRM1uh48EjtB4UJZlP0=
golang.org/x/mobile v0.0.0-20190312151609-d3739f865fa6/go.mod h1:z+o9i4GpDbdi3rU15maQ/Ox0txvL9dWGYEHz965HBQE=
golang.org/x/mobile v0.0.0-20190719004257-d2bd2a29d028/go.mod h1:E/iHnbuqvinMTCcRqshq8CkpyQDoeVncDDYHnLhea+o=
golang.org/x/mobile v0.0.0-20191031020345-0945064e013a/go.mod h1:p895TfNkDgPEmEQrNiOtIl3j98d/tGU95djDj7NfyjQ=
golang.org/x/mod v0.1.0/go.mod h1:0QHyrYULN0/3qlju5TqG8bIK38QM8yzMo5ekMj3DlcY=
golang.org/x/net v0.0.0-20190311183353-d8887717615a/go.mod h1:t9HGtf8HONx5eT2rtn7q6eTqICYqUVnKs3thJo3Qplg=
golang.org/x/net v0.0.0-20190404232315-eb5bcb51f2a3/go.mod h1:t9HGtf8HONx5eT2rtn7q6eTqICYqUVnKs3thJo3Qplg=
golang.org/x/net v0.0.0-20190620200207-3b0461eec859/go.mod h1:z5CRVTTTmAJ677TzLLGU+0bjPO0LkuOLi4/5GtJWs/s=
golang.org/x/sync v0.0.0-20190423024810-112230192c58/go.mod h1:RxMgew5VJxzue5/jJTE5uejpjVlOe/izrB70Jof72aM=
golang.org/x/sys v0.0.0-20190215142949-d0b11bdaac8a/go.mod h1:STP8DvDyc/dI5b8T5hshtkjS+E42TnysNCUPdjciGhY=
golang.org/x/sys v0.0.0-20190312061237-fead79001313/go.mod h1:h1NjWce9XRLGQEsW7wpKNCjG9DtNlClVuFLEZdDNbEs=
golang.org/x/sys v0.0.0-20190412213103-97732733099d/go.mod h1:h1NjWce9XRLGQEsW7wpKNCjG9DtNlClVuFLEZdDNbEs=
golang.org/x/sys v0.43.0 h1:Rlag2XtaFTxp19wS8MXlJwTvoh8ArU6ezoyFsMyCTNI=
golang.org/x/sys v0.43.0/go.mod h1:4GL1E5IUh+htKOUEOaiffhrAeqysfVGipDYzABqnCmw=
golang.org/x/text v0.3.0/go.mod h1:NqM8EUOU14njkJ3fqMW+pc6Ldnwhi/IjpwHt7yyuwOQ=
golang.org/x/tools v0.0.0-20190312151545-0bb0c0a6e846/go.mod h1:LCzVGOaR6xXOjkQ3onu1FJEFr0SW1gC7cKk1uF8kGRs=
golang.org/x/tools v0.0.0-20190909214602-067311248421/go.mod h1:b+2E5dAYhXwXZwtnZ6UAqBI28+e2cm9otk0dWdXHAEo=
golang.org/x/tools v0.0.0-20191012152004-8de300cfc20a/go.mod h1:b+2E5dAYhXwXZwtnZ6UAqBI28+e2cm9otk0dWdXHAEo=
golang.org/x/xerrors v0.0.0-20190717185122-a985d3407aa7/go.mod h1:I/5z698sn9Ka8TeJc9MKroUUfqBBauWjQqLJ2OPfmY0=
gopkg.in/check.v1 v0.0.0-20161208181325-20d25e280405/go.mod h1:Co6ibVJAznAaIkqp8huTwlJQCZ016jof/cbN4VW5Yz0=
gopkg.in/yaml.v2 v2.2.2/go.mod h1:hI93XBmqTisBFMUTm0b8Fm+jr3Dg1NNxqwp+5A1VGuI=
gopkg.in/yaml.v3 v3.0.1 h1:fxVm/GzAzEWqLHuvctI91KS9hhNmmWOoWu0XTYJS7CA=
gopkg.in/yaml.v3 v3.0.1/go.mod h1:K4uyk7z7BCEPqu6E+C64Yfv1cQ7kz7rIZviUmN+EgEM=
