github.com/mikefsq/astrocam v0.0.0-20260707042246-a133a20b0bd3 h1:PNpiQJZh338bsx5PRDckS++7pM3v6pfK94IcxNhhReA=
github.com/mikefsq/astrocam v0.0.0-20260707042246-a133a20b0bd3/go.mod h1:uyqx0HIkXiGjewySY+zKLe5lJnoUX3f6HJEMV0qr5/I=
github.com/mikefsq/goalpaca v0.2.0 h1:uTECbuUKDwFT38frtXjTNw84BE26pu+z7d8Hnv2hlMo=
github.com/mikefsq/goalpaca v0.2.0/go.mod h1:K6Ib2gbC+aUgAwU2G95KHsD0EIPdiCqyZIm6RGwBQhw=
github.com/mikefsq/goalpaca-devices/asiam5 v0.0.0-20260707022351-9d1863755c8e h1:Qv5ZS4nzP8UUB/q6ppAo9SoEvSs3qiWqiXsHV6L7BgI=
github.com/mikefsq/goalpaca-devices/asiam5 v0.0.0-20260707022351-9d1863755c8e/go.mod h1:WpVghhwj9o1vJoryt5ohi3mcDrNLLcG/+o7EaGN4dSc=
github.com/mikefsq/goalpaca-devices/asieaf v0.0.0-20260707022351-9d1863755c8e h1:ilDn36dO9AxBp6XBS6x3j22YLS3bTLj07lHco63SR5Y=
github.com/mikefsq/goalpaca-devices/asieaf v0.0.0-20260707022351-9d1863755c8e/go.mod h1:o7nTwBXefZ696KWyRA6lu7R3VknJtaGL1MCa55YzAxo=
github.com/mikefsq/goalpaca-devices/asiefw v0.0.0-20260707022351-9d1863755c8e h1:rn2W3pkMwHoWpbjni65mkeFsFASYFXHoTlt127UmUmg=
github.com/mikefsq/goalpaca-devices/asiefw v0.0.0-20260707022351-9d1863755c8e/go.mod h1:OrKAImnkmwM/wV/VfVtktMRKyBkB5cAlnoF+VBFJMkQ=
github.com/mikefsq/goalpaca-devices/astrocam v0.0.0-20260707022351-9d1863755c8e h1:MY8lfiLJHvmQN+w93eLgzmqCIgkfj0fTPdmV7ZG7LO4=
github.com/mikefsq/goalpaca-devices/astrocam v0.0.0-20260707022351-9d1863755c8e/go.mod h1:7e65R1/W8JPB85B6jShrbKAIWfNLZq4Lj5rqyqVFn6k=
github.com/mikefsq/goalpaca-devices/focuscube v0.0.0-20260707022351-9d1863755c8e h1:Hvvi/ZBZ4wGurhhvsp+dhkJJDqWzVJbIOoDug7XBcSI=
github.com/mikefsq/goalpaca-devices/focuscube v0.0.0-20260707022351-9d1863755c8e/go.mod h1:v2eNsiLy3yIlFdfA8Q3Xjp7/ZxyeKJZjZAdGNXrBB3o=
github.com/mikefsq/goalpaca-devices/focuslynx v0.0.0-20260707022351-9d1863755c8e h1:KzvYbgBl58HQUktm4uyss/FL2qt921Lgo3nId8s5YXM=
github.com/mikefsq/goalpaca-devices/focuslynx v0.0.0-20260707022351-9d1863755c8e/go.mod h1:aSEcKu8rutyJPyNah3cIGhTtMFW3oo/IxnOjPbZHmAM=
github.com/mikefsq/goalpaca-devices/oasisfoc v0.0.0-20260707022351-9d1863755c8e h1:NPTcKXBc5w+v+a84EMVhRrvuTmR2MTSwEcFGJUxBfQc=
github.com/mikefsq/goalpaca-devices/oasisfoc v0.0.0-20260707022351-9d1863755c8e/go.mod h1:BHlvzHiosWPVLaaJS2fYauI6scw0zvY6DF4oDYMnGu0=
github.com/mikefsq/goalpaca-devices/oasisfw v0.0.0-20260707022351-9d1863755c8e h1:KieE2r2YQNflCa+cpkEIV1xHeSjsYk7HGwClaLKAwPs=
github.com/mikefsq/goalpaca-devices/oasisfw v0.0.0-20260707022351-9d1863755c8e/go.mod h1:AdH67Nfd01dfxPNsFZiwA5EhyXjJ4ja1c8mjGDZTFLE=
github.com/mikefsq/goalpaca-devices/onstep v0.0.0-20260707022351-9d1863755c8e h1:81ZRwWCimFHGfHSDzLrKC77zfrfPu+sWJuGxcxg4t68=
github.com/mikefsq/goalpaca-devices/onstep v0.0.0-20260707022351-9d1863755c8e/go.mod h1:OokHkstaW2x87fNKTbgOZWDqHbEj6nk0WMYMFzSkVQQ=
github.com/mikefsq/goalpaca-devices/rst v0.0.0-20260707022351-9d1863755c8e h1:IhBKMGr9fa+Ffz9v9HHZLh8YPDZGeY0JIJgzR6q4BtY=
github.com/mikefsq/goalpaca-devices/rst v0.0.0-20260707022351-9d1863755c8e/go.mod h1:MfV4HLVesyQr0bUv0hC+xk8GEpVKjykwI4qHPPDQzZc=
github.com/mikefsq/goalpaca-devices/tenmicron v0.0.0-20260707022351-9d1863755c8e h1:Z28xi20RGqJS1Z/9hCknt7C4fkJMvIdgZq+EDs71Y0c=
github.com/mikefsq/goalpaca-devices/tenmicron v0.0.0-20260707022351-9d1863755c8e/go.mod h1:sH16lF6gxrNYwjeNNsWAqkY6uOWdUh6KiAUA6BkvwYM=
github.com/mikefsq/goasi v0.1.1-0.20260603174043-6a254265cec6 h1:6U7z2HTBeUqm+qoG7oHir7MM2jESEAuEE1IZnSF8E7w=
github.com/mikefsq/goasi v0.1.1-0.20260603174043-6a254265cec6/go.mod h1:jgdDPCgo05MzPh5jl/nZRgz2d1utuWBTMoEALnQMSoM=
github.com/mikefsq/goindi v0.0.0-20260623000347-2dda0b2dec05 h1:eZmdbZO/5QqoWWFQXltaIh4kHDpDF4VCSfN8b2daPPc=
github.com/mikefsq/goindi v0.0.0-20260623000347-2dda0b2dec05/go.mod h1:VfpBywDi5mzxwT3hyE6zbAiYxB0bDowDUjMkWXhaq8E=
github.com/mikefsq/lx200 v0.2.0 h1:kI5NT18p0g+If6jK5nChJblwXuoeTTbBfOnOAJt95dI=
github.com/mikefsq/lx200 v0.2.0/go.mod h1:k93Aa+avC4ZTvR3bqiauXPcIy+MhjymuQw+weOOb4i4=
github.com/mikefsq/oasis-astro v0.0.0-20260613070221-c6e70b94291f h1:q7rcdXdFy97/x25BY1/+lpL1bVPQCWTvBaIpkSZT2eI=
github.com/mikefsq/oasis-astro v0.0.0-20260613070221-c6e70b94291f/go.mod h1:O+T/QVLQitfQdqn5ajAWFTotZHEN18xBkCy/PVdzszU=
github.com/mikefsq/optec v0.0.0-20260707021816-df3786ba6eb4 h1:XK9zSc9VulrSgeIi7InPKCD+N+O8a5qG4UuIWucThh0=
github.com/mikefsq/optec v0.0.0-20260707021816-df3786ba6eb4/go.mod h1:ntwr57cUWCCEYxu5bUQkt44RzcYjumqRuLJ6Iv+ooY8=
github.com/mikefsq/pegasus-astro v0.0.0-20260610070031-afd43eb66e1d h1:x/56ZdCOmsSGeF02cD3vQe4idIkw+IMxcAkRcs1LoFk=
github.com/mikefsq/pegasus-astro v0.0.0-20260610070031-afd43eb66e1d/go.mod h1:E8S8NyhcFwabgbl+JYkwvmKswCVpl9Z/2vxhBjs+XEU=
go.bug.st/serial v1.7.1 h1:5aP8wYL0UjEYOVs3oPAGscjaSfRQLHtCvBFXNN/rwtc=
go.bug.st/serial v1.7.1/go.mod h1:d0MmS16Qt9b1m06yoYRNUXhRRTJV5Qg2S5EKqQtnayQ=
golang.org/x/net v0.46.0 h1:giFlY12I07fugqwPuWJi68oOnpfqFnJIJzaIIm2JVV4=
golang.org/x/net v0.46.0/go.mod h1:Q9BGdFy1y4nkUwiLvT5qtyhAnEHgnQ/zd8PfU6nc210=
golang.org/x/sys v0.43.0 h1:Rlag2XtaFTxp19wS8MXlJwTvoh8ArU6ezoyFsMyCTNI=
golang.org/x/sys v0.43.0/go.mod h1:4GL1E5IUh+htKOUEOaiffhrAeqysfVGipDYzABqnCmw=
