github.com/mikefsq/astrocam v0.0.0-20260704045614-8b60fa35c2d6 h1:p0ME68Wh7kioHQwOPBbGUo/U9Lx2z1s0lzFO1DzWpoU=
github.com/mikefsq/astrocam v0.0.0-20260704045614-8b60fa35c2d6/go.mod h1:uyqx0HIkXiGjewySY+zKLe5lJnoUX3f6HJEMV0qr5/I=
github.com/mikefsq/goalpaca v0.2.0 h1:uTECbuUKDwFT38frtXjTNw84BE26pu+z7d8Hnv2hlMo=
github.com/mikefsq/goalpaca v0.2.0/go.mod h1:K6Ib2gbC+aUgAwU2G95KHsD0EIPdiCqyZIm6RGwBQhw=
