github.com/mikefsq/goalpaca v0.1.0 h1:vdAyruJmOSz035fvubNFetPipwnV3RNMf+clZoBbhq0=
github.com/mikefsq/goalpaca v0.1.0/go.mod h1:6hsQ08YUz367E1ER1HoykFTs2BV6Pp+w6J2SgMjasNI=
github.com/mikefsq/goasi v0.1.0 h1:/kc4r81oQgaCYuhFx/ZE2pVqAZVgVHYBEABbKXAzYHA=
github.com/mikefsq/goasi v0.1.0/go.mod h1:jgdDPCgo05MzPh5jl/nZRgz2d1utuWBTMoEALnQMSoM=
github.com/mikefsq/goasi v0.1.1-0.20260603174043-6a254265cec6 h1:6U7z2HTBeUqm+qoG7oHir7MM2jESEAuEE1IZnSF8E7w=
github.com/mikefsq/goasi v0.1.1-0.20260603174043-6a254265cec6/go.mod h1:jgdDPCgo05MzPh5jl/nZRgz2d1utuWBTMoEALnQMSoM=
