github.com/mikefsq/goalpaca v0.2.0 h1:uTECbuUKDwFT38frtXjTNw84BE26pu+z7d8Hnv2hlMo=
github.com/mikefsq/goalpaca v0.2.0/go.mod h1:K6Ib2gbC+aUgAwU2G95KHsD0EIPdiCqyZIm6RGwBQhw=
github.com/mikefsq/goasi v0.2.0 h1:Rhoph4nnrYLPEON/Xt56WQHBlCwwkGwlGDq6tiZ4LwM=
github.com/mikefsq/goasi v0.2.0/go.mod h1:jgdDPCgo05MzPh5jl/nZRgz2d1utuWBTMoEALnQMSoM=
