github.com/astrogo/fitsio v0.2.1 h1:xKmhn4jjr2yliTsZTVQBJG2OKssOl4EoODoEV7Hqf3s=
github.com/astrogo/fitsio v0.2.1/go.mod h1:AMazbBDPn8fcAglKAWIR5+5iDBnBv78pf6UHmTKSCbE=
github.com/c-bata/go-prompt v0.2.6 h1:POP+nrHE+DfLYx370bedwNhsqmpCUynWPxuHi0C5vZI=
github.com/c-bata/go-prompt v0.2.6/go.mod h1:/LMAke8wD2FsNu9EXNdHxNLbd9MedkPnCdfpU9wwHfY=
github.com/mattn/go-colorable v0.1.7 h1:bQGKb3vps/j0E9GfJQ03JyhRuxsvdAanXlT9BTw3mdw=
github.com/mattn/go-colorable v0.1.7/go.mod h1:u6P/XSegPjTcexA+o6vUJrdnUu04hMope9wVRipJSqc=
github.com/mattn/go-isatty v0.0.12 h1:wuysRhFDzyxgEmMf5xjvJ2M9dZoWAXNNr5LSBS7uHXY=
github.com/mattn/go-isatty v0.0.12/go.mod h1:cbi8OIDigv2wuxKPP5vlRcQ1OAZbq2CE4Kysco4FUpU=
github.com/mattn/go-runewidth v0.0.9 h1:Lm995f3rfxdpd6TSmuVCHVb/QhupuXlYr8sCI/QdE+0=
github.com/mattn/go-runewidth v0.0.9/go.mod h1:H031xJmbD/WCDINGzjvQ9THkh0rPKHF+m2gUSrubnMI=
github.com/mattn/go-tty v0.0.3 h1:5OfyWorkyO7xP52Mq7tB36ajHDG5OHrmBGIS/DtakQI=
github.com/mattn/go-tty v0.0.3/go.mod h1:ihxohKRERHTVzN+aSVRwACLCeqIoZAWpoICkkvrWyR0=
github.com/mikefsq/goalpaca v0.3.1 h1:tzoC1z5CVYSX/H6TmBR/TakPmqDEOjQ3EAkOrEqFaJo=
github.com/mikefsq/goalpaca v0.3.1/go.mod h1:K6Ib2gbC+aUgAwU2G95KHsD0EIPdiCqyZIm6RGwBQhw=
github.com/mikefsq/goalpaca v0.3.2-0.20260819050816-8cf78fc439ab h1:o/B43bPe5hkYyf6+QevcP6BpqxKdnVKTh13+4FGiYJ0=
github.com/mikefsq/goalpaca v0.3.2-0.20260819050816-8cf78fc439ab/go.mod h1:K6Ib2gbC+aUgAwU2G95KHsD0EIPdiCqyZIm6RGwBQhw=
github.com/mikefsq/goasi v0.2.0 h1:Rhoph4nnrYLPEON/Xt56WQHBlCwwkGwlGDq6tiZ4LwM=
github.com/mikefsq/goasi v0.2.0/go.mod h1:jgdDPCgo05MzPh5jl/nZRgz2d1utuWBTMoEALnQMSoM=
github.com/mikefsq/goasi v0.2.1-0.20260818011734-c236963482e5 h1:NgkyUE8pwb1KZt5qxZtdxrImrAwiLIp6GZyDERFpC60=
github.com/mikefsq/goasi v0.2.1-0.20260818011734-c236963482e5/go.mod h1:jgdDPCgo05MzPh5jl/nZRgz2d1utuWBTMoEALnQMSoM=
github.com/pkg/term v1.2.0-beta.2 h1:L3y/h2jkuBVFdWiJvNfYfKmzcCnILw7mJWm2JQuMppw=
github.com/pkg/term v1.2.0-beta.2/go.mod h1:E25nymQcrSllhX42Ok8MRm1+hyBdHY0dCeiKZ9jpNGw=
golang.org/x/sys v0.0.0-20200918174421-af09f7315aff h1:1CPUrky56AcgSpxz/KfgzQWzfG09u5YOL8MvPYBlrL8=
golang.org/x/sys v0.0.0-20200918174421-af09f7315aff/go.mod h1:h1NjWce9XRLGQEsW7wpKNCjG9DtNlClVuFLEZdDNbEs=
