github.com/mikefsq/goalpaca v0.3.2-0.20260819050816-8cf78fc439ab h1:o/B43bPe5hkYyf6+QevcP6BpqxKdnVKTh13+4FGiYJ0=
github.com/mikefsq/goalpaca v0.3.2-0.20260819050816-8cf78fc439ab/go.mod h1:K6Ib2gbC+aUgAwU2G95KHsD0EIPdiCqyZIm6RGwBQhw=
github.com/mikefsq/goalpaca v0.3.2-0.20260902054344-97b5d6c64d11 h1:P2s/e54wQzINnRab9hHiHqHOQ23S1MLWWfVeqjrIj2o=
github.com/mikefsq/goalpaca v0.3.2-0.20260902054344-97b5d6c64d11/go.mod h1:K6Ib2gbC+aUgAwU2G95KHsD0EIPdiCqyZIm6RGwBQhw=
github.com/mikefsq/goalpaca v0.3.2-0.20260905160338-12e995ea15c0 h1:VcBguzdtDCR/vV56l/Ew7LZ3QJdNfRt4blOhxrPPnIs=
github.com/mikefsq/goalpaca v0.3.2-0.20260905160338-12e995ea15c0/go.mod h1:K6Ib2gbC+aUgAwU2G95KHsD0EIPdiCqyZIm6RGwBQhw=
github.com/mikefsq/goalpaca v0.3.2-0.20260908212354-24752e5640d2 h1:KWW4hp+d7Nvv6RfCQvYxrvN1kRWU+mhDcFcvfRdKc2E=
github.com/mikefsq/goalpaca v0.3.2-0.20260908212354-24752e5640d2/go.mod h1:K6Ib2gbC+aUgAwU2G95KHsD0EIPdiCqyZIm6RGwBQhw=
github.com/mikefsq/goalpaca v0.3.2-0.20260908230641-48cbbb7348cf h1:wT407eaWNgq7Cp64/a2EAIXNcrlWwtUYsnKXjibGKas=
github.com/mikefsq/goalpaca v0.3.2-0.20260908230641-48cbbb7348cf/go.mod h1:K6Ib2gbC+aUgAwU2G95KHsD0EIPdiCqyZIm6RGwBQhw=
github.com/mikefsq/goalpaca v0.3.2-0.20260911213543-13b576706d8d h1:w8rnwqhDb0zgD9yBwzO635sauhEAf/nIjjBsJDCLIqs=
github.com/mikefsq/goalpaca v0.3.2-0.20260911213543-13b576706d8d/go.mod h1:K6Ib2gbC+aUgAwU2G95KHsD0EIPdiCqyZIm6RGwBQhw=
github.com/mikefsq/oasis-astro v0.0.0-20260817201104-00ec21705131 h1:9gim/0NyjXrH1/sEy3RTFdypSsGuFvZTCOQbBbvPNVc=
github.com/mikefsq/oasis-astro v0.0.0-20260817201104-00ec21705131/go.mod h1:O+T/QVLQitfQdqn5ajAWFTotZHEN18xBkCy/PVdzszU=
github.com/mikefsq/oasis-astro v0.0.0-20260905172010-b723e2136325 h1:ib0z7wPb6iFbVgv7OLuLOKWm8eLNM6dSQ19qqSPQKdI=
github.com/mikefsq/oasis-astro v0.0.0-20260905172010-b723e2136325/go.mod h1:O+T/QVLQitfQdqn5ajAWFTotZHEN18xBkCy/PVdzszU=
