github.com/mikefsq/goalpaca v0.3.2-0.20260905160338-12e995ea15c0 h1:VcBguzdtDCR/vV56l/Ew7LZ3QJdNfRt4blOhxrPPnIs=
github.com/mikefsq/goalpaca v0.3.2-0.20260905160338-12e995ea15c0/go.mod h1:K6Ib2gbC+aUgAwU2G95KHsD0EIPdiCqyZIm6RGwBQhw=
github.com/mikefsq/polemaster v0.0.0-20260907022708-bb6632990b32 h1:atUvKz9/CVypPpIMawGc8Ve0qDysW+w9a6X+6zw7zk8=
github.com/mikefsq/polemaster v0.0.0-20260907022708-bb6632990b32/go.mod h1:xkNdfICev2srEvuZ3rpbK4Ti5aUPx8uOWA0fuFeC/6Q=
