github.com/mikefsq/goalpaca v0.1.0 h1:vdAyruJmOSz035fvubNFetPipwnV3RNMf+clZoBbhq0=
github.com/mikefsq/goalpaca v0.1.0/go.mod h1:6hsQ08YUz367E1ER1HoykFTs2BV6Pp+w6J2SgMjasNI=
github.com/mikefsq/lx200 v0.1.0 h1:zgvfHOk1/ILbQGmyjFmob7+6T3PNiSaYS7bpISUxif4=
github.com/mikefsq/lx200 v0.1.0/go.mod h1:k93Aa+avC4ZTvR3bqiauXPcIy+MhjymuQw+weOOb4i4=
