github.com/mikefsq/goalpaca v0.3.1 h1:tzoC1z5CVYSX/H6TmBR/TakPmqDEOjQ3EAkOrEqFaJo=
github.com/mikefsq/goalpaca v0.3.1/go.mod h1:K6Ib2gbC+aUgAwU2G95KHsD0EIPdiCqyZIm6RGwBQhw=
github.com/mikefsq/lx200 v0.2.1 h1:CJyw/g+wSWKmCJL/POEjTpHVguij/akeGY1I0+hLFKQ=
github.com/mikefsq/lx200 v0.2.1/go.mod h1:k93Aa+avC4ZTvR3bqiauXPcIy+MhjymuQw+weOOb4i4=
